
Microsoft Visual Studio Solution File, Format Version 12.00
# Visual Studio Version 16
VisualStudioVersion = 16.0.28803.202
MinimumVisualStudioVersion = 10.0.40219.1
Project("{FAE04EC0-301F-11D3-BF4B-00C04F79EFBC}") = "Banki", "Banki\Banki.csproj", "{BF941E75-DDC9-4AF3-8D98-79BA37E5D3F4}"
EndProject
Global
	GlobalSection(SolutionConfigurationPlatforms) = preSolution
		Debug|Any CPU = Debug|Any CPU
		Release|Any CPU = Release|Any CPU
	EndGlobalSection
	GlobalSection(ProjectConfigurationPlatforms) = postSolution
		{BF941E75-DDC9-4AF3-8D98-79BA37E5D3F4}.Debug|Any CPU.ActiveCfg = Debug|Any CPU
		{BF941E75-DDC9-4AF3-8D98-79BA37E5D3F4}.Debug|Any CPU.Build.0 = Debug|Any CPU
		{BF941E75-DDC9-4AF3-8D98-79BA37E5D3F4}.Release|Any CPU.ActiveCfg = Release|Any CPU
		{BF941E75-DDC9-4AF3-8D98-79BA37E5D3F4}.Release|Any CPU.Build.0 = Release|Any CPU
	EndGlobalSection
	GlobalSection(SolutionProperties) = preSolution
		HideSolutionNode = FALSE
	EndGlobalSection
	GlobalSection(ExtensibilityGlobals) = postSolution
		SolutionGuid = {10F1FAD3-248C-4616-8206-806D3CFBAB1D}
	EndGlobalSection
EndGlobal
